
Microsoft Visual Studio Solution File, Format Version 12.00
# Visual Studio Version 16
VisualStudioVersion = 16.0.31829.152
MinimumVisualStudioVersion = 10.0.40219.1
Project("{FAE04EC0-301F-11D3-BF4B-00C04F79EFBC}") = "LetterChecker", "LetterChecker\LetterChecker.csproj", "{772BF47B-0AFB-4957-8416-0701EFD36C59}"
EndProject
Global
	GlobalSection(SolutionConfigurationPlatforms) = preSolution
		Debug|Any CPU = Debug|Any CPU
		Release|Any CPU = Release|Any CPU
	EndGlobalSection
	GlobalSection(ProjectConfigurationPlatforms) = postSolution
		{772BF47B-0AFB-4957-8416-0701EFD36C59}.Debug|Any CPU.ActiveCfg = Debug|Any CPU
		{772BF47B-0AFB-4957-8416-0701EFD36C59}.Debug|Any CPU.Build.0 = Debug|Any CPU
		{772BF47B-0AFB-4957-8416-0701EFD36C59}.Release|Any CPU.ActiveCfg = Release|Any CPU
		{772BF47B-0AFB-4957-8416-0701EFD36C59}.Release|Any CPU.Build.0 = Release|Any CPU
	EndGlobalSection
	GlobalSection(SolutionProperties) = preSolution
		HideSolutionNode = FALSE
	EndGlobalSection
	GlobalSection(ExtensibilityGlobals) = postSolution
		SolutionGuid = {C806E385-BA25-408A-952F-ED7F3358B159}
	EndGlobalSection
EndGlobal
